
Microsoft Visual Studio Solution File, Format Version 12.00
# Visual Studio Version 17
VisualStudioVersion = 17.0.31903.59
MinimumVisualStudioVersion = 10.0.40219.1
Project("{2150E333-8FDC-42A3-9474-1A3956D46DE8}") = "src", "src", "{D60BC4EA-E5D9-4967-8176-07B6A8ED0985}"
EndProject
Project("{FAE04EC0-301F-11D3-BF4B-00C04F79EFBC}") = "MangaScans.Api", "src\MangaScans.Api\MangaScans.Api.csproj", "{D716636F-FB8E-407C-B7A0-E7926E7F9684}"
EndProject
Project("{FAE04EC0-301F-11D3-BF4B-00C04F79EFBC}") = "MangaScans.Domain", "src\MangaScans.Domain\MangaScans.Domain.csproj", "{112A344D-8386-49B0-9D31-0D134961A9C5}"
EndProject
Project("{FAE04EC0-301F-11D3-BF4B-00C04F79EFBC}") = "MangaScans.Data", "src\MangaScans.Data\MangaScans.Data.csproj", "{9EF17FC2-ABC8-42B2-8EE5-86148499BAB5}"
EndProject
Global
	GlobalSection(SolutionConfigurationPlatforms) = preSolution
		Debug|Any CPU = Debug|Any CPU
		Release|Any CPU = Release|Any CPU
	EndGlobalSection
	GlobalSection(SolutionProperties) = preSolution
		HideSolutionNode = FALSE
	EndGlobalSection
	GlobalSection(ProjectConfigurationPlatforms) = postSolution
		{D716636F-FB8E-407C-B7A0-E7926E7F9684}.Debug|Any CPU.ActiveCfg = Debug|Any CPU
		{D716636F-FB8E-407C-B7A0-E7926E7F9684}.Debug|Any CPU.Build.0 = Debug|Any CPU
		{D716636F-FB8E-407C-B7A0-E7926E7F9684}.Release|Any CPU.ActiveCfg = Release|Any CPU
		{D716636F-FB8E-407C-B7A0-E7926E7F9684}.Release|Any CPU.Build.0 = Release|Any CPU
		{112A344D-8386-49B0-9D31-0D134961A9C5}.Debug|Any CPU.ActiveCfg = Debug|Any CPU
		{112A344D-8386-49B0-9D31-0D134961A9C5}.Debug|Any CPU.Build.0 = Debug|Any CPU
		{112A344D-8386-49B0-9D31-0D134961A9C5}.Release|Any CPU.ActiveCfg = Release|Any CPU
		{112A344D-8386-49B0-9D31-0D134961A9C5}.Release|Any CPU.Build.0 = Release|Any CPU
		{9EF17FC2-ABC8-42B2-8EE5-86148499BAB5}.Debug|Any CPU.ActiveCfg = Debug|Any CPU
		{9EF17FC2-ABC8-42B2-8EE5-86148499BAB5}.Debug|Any CPU.Build.0 = Debug|Any CPU
		{9EF17FC2-ABC8-42B2-8EE5-86148499BAB5}.Release|Any CPU.ActiveCfg = Release|Any CPU
		{9EF17FC2-ABC8-42B2-8EE5-86148499BAB5}.Release|Any CPU.Build.0 = Release|Any CPU
	EndGlobalSection
	GlobalSection(NestedProjects) = preSolution
		{D716636F-FB8E-407C-B7A0-E7926E7F9684} = {D60BC4EA-E5D9-4967-8176-07B6A8ED0985}
		{112A344D-8386-49B0-9D31-0D134961A9C5} = {D60BC4EA-E5D9-4967-8176-07B6A8ED0985}
		{9EF17FC2-ABC8-42B2-8EE5-86148499BAB5} = {D60BC4EA-E5D9-4967-8176-07B6A8ED0985}
	EndGlobalSection
EndGlobal
