
Microsoft Visual Studio Solution File, Format Version 12.00
# Visual Studio Version 17
VisualStudioVersion = 17.0.31903.59
MinimumVisualStudioVersion = 10.0.40219.1
Project("{2150E333-8FDC-42A3-9474-1A3956D46DE8}") = "src", "src", "{961CABED-8420-4EBC-9655-F8F2937B8A11}"
EndProject
Project("{FAE04EC0-301F-11D3-BF4B-00C04F79EFBC}") = "MangaScans.Api", "src\MangaScans.Api\MangaScans.Api.csproj", "{0AF719C0-F746-4710-A83C-D779B89C32E0}"
EndProject
Project("{FAE04EC0-301F-11D3-BF4B-00C04F79EFBC}") = "MangaScans.Application", "src\MangaScans.Application\MangaScans.Application.csproj", "{C3A0901A-C4C8-40E9-B07D-D0B2C5D1403A}"
EndProject
Project("{FAE04EC0-301F-11D3-BF4B-00C04F79EFBC}") = "MangaScans.Data", "src\MangaScans.Data\MangaScans.Data.csproj", "{1ADFDBE3-94B6-4EDC-B69A-6EDBCE186832}"
EndProject
Project("{FAE04EC0-301F-11D3-BF4B-00C04F79EFBC}") = "MangaScans.Domain", "src\MangaScans.Domain\MangaScans.Domain.csproj", "{996068D8-BC32-4511-AF0C-1DF40E17D174}"
EndProject
Global
	GlobalSection(SolutionConfigurationPlatforms) = preSolution
		Debug|Any CPU = Debug|Any CPU
		Release|Any CPU = Release|Any CPU
	EndGlobalSection
	GlobalSection(SolutionProperties) = preSolution
		HideSolutionNode = FALSE
	EndGlobalSection
	GlobalSection(ProjectConfigurationPlatforms) = postSolution
		{0AF719C0-F746-4710-A83C-D779B89C32E0}.Debug|Any CPU.ActiveCfg = Debug|Any CPU
		{0AF719C0-F746-4710-A83C-D779B89C32E0}.Debug|Any CPU.Build.0 = Debug|Any CPU
		{0AF719C0-F746-4710-A83C-D779B89C32E0}.Release|Any CPU.ActiveCfg = Release|Any CPU
		{0AF719C0-F746-4710-A83C-D779B89C32E0}.Release|Any CPU.Build.0 = Release|Any CPU
		{C3A0901A-C4C8-40E9-B07D-D0B2C5D1403A}.Debug|Any CPU.ActiveCfg = Debug|Any CPU
		{C3A0901A-C4C8-40E9-B07D-D0B2C5D1403A}.Debug|Any CPU.Build.0 = Debug|Any CPU
		{C3A0901A-C4C8-40E9-B07D-D0B2C5D1403A}.Release|Any CPU.ActiveCfg = Release|Any CPU
		{C3A0901A-C4C8-40E9-B07D-D0B2C5D1403A}.Release|Any CPU.Build.0 = Release|Any CPU
		{1ADFDBE3-94B6-4EDC-B69A-6EDBCE186832}.Debug|Any CPU.ActiveCfg = Debug|Any CPU
		{1ADFDBE3-94B6-4EDC-B69A-6EDBCE186832}.Debug|Any CPU.Build.0 = Debug|Any CPU
		{1ADFDBE3-94B6-4EDC-B69A-6EDBCE186832}.Release|Any CPU.ActiveCfg = Release|Any CPU
		{1ADFDBE3-94B6-4EDC-B69A-6EDBCE186832}.Release|Any CPU.Build.0 = Release|Any CPU
		{996068D8-BC32-4511-AF0C-1DF40E17D174}.Debug|Any CPU.ActiveCfg = Debug|Any CPU
		{996068D8-BC32-4511-AF0C-1DF40E17D174}.Debug|Any CPU.Build.0 = Debug|Any CPU
		{996068D8-BC32-4511-AF0C-1DF40E17D174}.Release|Any CPU.ActiveCfg = Release|Any CPU
		{996068D8-BC32-4511-AF0C-1DF40E17D174}.Release|Any CPU.Build.0 = Release|Any CPU
	EndGlobalSection
	GlobalSection(NestedProjects) = preSolution
		{0AF719C0-F746-4710-A83C-D779B89C32E0} = {961CABED-8420-4EBC-9655-F8F2937B8A11}
		{C3A0901A-C4C8-40E9-B07D-D0B2C5D1403A} = {961CABED-8420-4EBC-9655-F8F2937B8A11}
		{1ADFDBE3-94B6-4EDC-B69A-6EDBCE186832} = {961CABED-8420-4EBC-9655-F8F2937B8A11}
		{996068D8-BC32-4511-AF0C-1DF40E17D174} = {961CABED-8420-4EBC-9655-F8F2937B8A11}
	EndGlobalSection
EndGlobal
